// !$*UTF8*$!
{
	archiveVersion = 1;
	classes = {
	};
	objectVersion = 56;
	objects = {

/* Begin PBXBuildFile section */
		3B0261952A58137A0060C926 /* SplashView.swift in Sources */ = {isa = PBXBuildFile; fileRef = 3B0261942A58137A0060C926 /* SplashView.swift */; };
		3B0261992A5819250060C926 /* BottomNavigationView.swift in Sources */ = {isa = PBXBuildFile; fileRef = 3B0261982A5819240060C926 /* BottomNavigationView.swift */; };
		3B02619B2A5822830060C926 /* TabsView.swift in Sources */ = {isa = PBXBuildFile; fileRef = 3B02619A2A5822830060C926 /* TabsView.swift */; };
		3B02619D2A5822FB0060C926 /* Tabs.swift in Sources */ = {isa = PBXBuildFile; fileRef = 3B02619C2A5822FB0060C926 /* Tabs.swift */; };
		3B0261A02A58239C0060C926 /* MusicView.swift in Sources */ = {isa = PBXBuildFile; fileRef = 3B02619F2A58239C0060C926 /* MusicView.swift */; };
		3B0261A42A5823C50060C926 /* MoviesView.swift in Sources */ = {isa = PBXBuildFile; fileRef = 3B0261A32A5823C50060C926 /* MoviesView.swift */; };
		3B0261A62A5823D30060C926 /* BooksView.swift in Sources */ = {isa = PBXBuildFile; fileRef = 3B0261A52A5823D30060C926 /* BooksView.swift */; };
		3B3BC5952A54301B007174A1 /* WebView_IosApp.swift in Sources */ = {isa = PBXBuildFile; fileRef = 3B3BC5942A54301B007174A1 /* WebView_IosApp.swift */; };
		3B3BC5972A54301B007174A1 /* ContentView.swift in Sources */ = {isa = PBXBuildFile; fileRef = 3B3BC5962A54301B007174A1 /* ContentView.swift */; };
		3B3BC5992A54301E007174A1 /* Assets.xcassets in Resources */ = {isa = PBXBuildFile; fileRef = 3B3BC5982A54301E007174A1 /* Assets.xcassets */; };
		3B3BC59C2A54301E007174A1 /* Preview Assets.xcassets in Resources */ = {isa = PBXBuildFile; fileRef = 3B3BC59B2A54301E007174A1 /* Preview Assets.xcassets */; };
		3B5885AA2A5BECA10093B459 /* TabViewTabItem.swift in Sources */ = {isa = PBXBuildFile; fileRef = 3B5885A92A5BECA10093B459 /* TabViewTabItem.swift */; };
		3B5885AE2A5BECF50093B459 /* FirstView.swift in Sources */ = {isa = PBXBuildFile; fileRef = 3B5885AD2A5BECF40093B459 /* FirstView.swift */; };
		3B5885B02A5BED020093B459 /* SecondView.swift in Sources */ = {isa = PBXBuildFile; fileRef = 3B5885AF2A5BED020093B459 /* SecondView.swift */; };
		3B5885B22A5BED160093B459 /* ThirdView.swift in Sources */ = {isa = PBXBuildFile; fileRef = 3B5885B12A5BED160093B459 /* ThirdView.swift */; };
		3B5885B42A5BFCEE0093B459 /* LoginScreenView.swift in Sources */ = {isa = PBXBuildFile; fileRef = 3B5885B32A5BFCEE0093B459 /* LoginScreenView.swift */; };
/* End PBXBuildFile section */

/* Begin PBXFileReference section */
		3B0261942A58137A0060C926 /* SplashView.swift */ = {isa = PBXFileReference; lastKnownFileType = sourcecode.swift; path = SplashView.swift; sourceTree = "<group>"; };
		3B0261982A5819240060C926 /* BottomNavigationView.swift */ = {isa = PBXFileReference; lastKnownFileType = sourcecode.swift; path = BottomNavigationView.swift; sourceTree = "<group>"; };
		3B02619A2A5822830060C926 /* TabsView.swift */ = {isa = PBXFileReference; lastKnownFileType = sourcecode.swift; path = TabsView.swift; sourceTree = "<group>"; };
		3B02619C2A5822FB0060C926 /* Tabs.swift */ = {isa = PBXFileReference; lastKnownFileType = sourcecode.swift; path = Tabs.swift; sourceTree = "<group>"; };
		3B02619F2A58239C0060C926 /* MusicView.swift */ = {isa = PBXFileReference; lastKnownFileType = sourcecode.swift; path = MusicView.swift; sourceTree = "<group>"; };
		3B0261A32A5823C50060C926 /* MoviesView.swift */ = {isa = PBXFileReference; lastKnownFileType = sourcecode.swift; path = MoviesView.swift; sourceTree = "<group>"; };
		3B0261A52A5823D30060C926 /* BooksView.swift */ = {isa = PBXFileReference; lastKnownFileType = sourcecode.swift; path = BooksView.swift; sourceTree = "<group>"; };
		3B3BC5912A54301B007174A1 /* WebView-Ios.app */ = {isa = PBXFileReference; explicitFileType = wrapper.application; includeInIndex = 0; path = "WebView-Ios.app"; sourceTree = BUILT_PRODUCTS_DIR; };
		3B3BC5942A54301B007174A1 /* WebView_IosApp.swift */ = {isa = PBXFileReference; lastKnownFileType = sourcecode.swift; path = WebView_IosApp.swift; sourceTree = "<group>"; };
		3B3BC5962A54301B007174A1 /* ContentView.swift */ = {isa = PBXFileReference; lastKnownFileType = sourcecode.swift; path = ContentView.swift; sourceTree = "<group>"; };
		3B3BC5982A54301E007174A1 /* Assets.xcassets */ = {isa = PBXFileReference; lastKnownFileType = folder.assetcatalog; path = Assets.xcassets; sourceTree = "<group>"; };
		3B3BC59B2A54301E007174A1 /* Preview Assets.xcassets */ = {isa = PBXFileReference; lastKnownFileType = folder.assetcatalog; path = "Preview Assets.xcassets"; sourceTree = "<group>"; };
		3B5885A92A5BECA10093B459 /* TabViewTabItem.swift */ = {isa = PBXFileReference; lastKnownFileType = sourcecode.swift; path = TabViewTabItem.swift; sourceTree = "<group>"; };
		3B5885AD2A5BECF40093B459 /* FirstView.swift */ = {isa = PBXFileReference; lastKnownFileType = sourcecode.swift; path = FirstView.swift; sourceTree = "<group>"; };
		3B5885AF2A5BED020093B459 /* SecondView.swift */ = {isa = PBXFileReference; lastKnownFileType = sourcecode.swift; path = SecondView.swift; sourceTree = "<group>"; };
		3B5885B12A5BED160093B459 /* ThirdView.swift */ = {isa = PBXFileReference; lastKnownFileType = sourcecode.swift; path = ThirdView.swift; sourceTree = "<group>"; };
		3B5885B32A5BFCEE0093B459 /* LoginScreenView.swift */ = {isa = PBXFileReference; lastKnownFileType = sourcecode.swift; path = LoginScreenView.swift; sourceTree = "<group>"; };
/* End PBXFileReference section */

/* Begin PBXFrameworksBuildPhase section */
		3B3BC58E2A54301B007174A1 /* Frameworks */ = {
			isa = PBXFrameworksBuildPhase;
			buildActionMask = 2147483647;
			files = (
			);
			runOnlyForDeploymentPostprocessing = 0;
		};
/* End PBXFrameworksBuildPhase section */

/* Begin PBXGroup section */
		3B0261972A5818EA0060C926 /* ui */ = {
			isa = PBXGroup;
			children = (
				3B5885AC2A5BECDD0093B459 /* tabitem */,
				3B02619E2A5823890060C926 /* demotab */,
				3B3BC5962A54301B007174A1 /* ContentView.swift */,
				3B0261942A58137A0060C926 /* SplashView.swift */,
				3B0261982A5819240060C926 /* BottomNavigationView.swift */,
				3B02619A2A5822830060C926 /* TabsView.swift */,
				3B02619C2A5822FB0060C926 /* Tabs.swift */,
				3B5885A92A5BECA10093B459 /* TabViewTabItem.swift */,
				3B5885B32A5BFCEE0093B459 /* LoginScreenView.swift */,
			);
			path = ui;
			sourceTree = "<group>";
		};
		3B02619E2A5823890060C926 /* demotab */ = {
			isa = PBXGroup;
			children = (
				3B02619F2A58239C0060C926 /* MusicView.swift */,
				3B0261A32A5823C50060C926 /* MoviesView.swift */,
				3B0261A52A5823D30060C926 /* BooksView.swift */,
			);
			path = demotab;
			sourceTree = "<group>";
		};
		3B3BC5882A54301B007174A1 = {
			isa = PBXGroup;
			children = (
				3B3BC5932A54301B007174A1 /* WebView-Ios */,
				3B3BC5922A54301B007174A1 /* Products */,
			);
			sourceTree = "<group>";
		};
		3B3BC5922A54301B007174A1 /* Products */ = {
			isa = PBXGroup;
			children = (
				3B3BC5912A54301B007174A1 /* WebView-Ios.app */,
			);
			name = Products;
			sourceTree = "<group>";
		};
		3B3BC5932A54301B007174A1 /* WebView-Ios */ = {
			isa = PBXGroup;
			children = (
				3B0261972A5818EA0060C926 /* ui */,
				3B3BC5942A54301B007174A1 /* WebView_IosApp.swift */,
				3B3BC5982A54301E007174A1 /* Assets.xcassets */,
				3B3BC59A2A54301E007174A1 /* Preview Content */,
			);
			path = "WebView-Ios";
			sourceTree = "<group>";
		};
		3B3BC59A2A54301E007174A1 /* Preview Content */ = {
			isa = PBXGroup;
			children = (
				3B3BC59B2A54301E007174A1 /* Preview Assets.xcassets */,
			);
			path = "Preview Content";
			sourceTree = "<group>";
		};
		3B5885AC2A5BECDD0093B459 /* tabitem */ = {
			isa = PBXGroup;
			children = (
				3B5885AD2A5BECF40093B459 /* FirstView.swift */,
				3B5885AF2A5BED020093B459 /* SecondView.swift */,
				3B5885B12A5BED160093B459 /* ThirdView.swift */,
			);
			path = tabitem;
			sourceTree = "<group>";
		};
/* End PBXGroup section */

/* Begin PBXNativeTarget section */
		3B3BC5902A54301B007174A1 /* WebView-Ios */ = {
			isa = PBXNativeTarget;
			buildConfigurationList = 3B3BC59F2A54301E007174A1 /* Build configuration list for PBXNativeTarget "WebView-Ios" */;
			buildPhases = (
				3B3BC58D2A54301B007174A1 /* Sources */,
				3B3BC58E2A54301B007174A1 /* Frameworks */,
				3B3BC58F2A54301B007174A1 /* Resources */,
			);
			buildRules = (
			);
			dependencies = (
			);
			name = "WebView-Ios";
			productName = "WebView-Ios";
			productReference = 3B3BC5912A54301B007174A1 /* WebView-Ios.app */;
			productType = "com.apple.product-type.application";
		};
/* End PBXNativeTarget section */

/* Begin PBXProject section */
		3B3BC5892A54301B007174A1 /* Project object */ = {
			isa = PBXProject;
			attributes = {
				BuildIndependentTargetsInParallel = 1;
				LastSwiftUpdateCheck = 1430;
				LastUpgradeCheck = 1430;
				TargetAttributes = {
					3B3BC5902A54301B007174A1 = {
						CreatedOnToolsVersion = 14.3;
					};
				};
			};
			buildConfigurationList = 3B3BC58C2A54301B007174A1 /* Build configuration list for PBXProject "WebView-Ios" */;
			compatibilityVersion = "Xcode 14.0";
			developmentRegion = en;
			hasScannedForEncodings = 0;
			knownRegions = (
				en,
				Base,
			);
			mainGroup = 3B3BC5882A54301B007174A1;
			productRefGroup = 3B3BC5922A54301B007174A1 /* Products */;
			projectDirPath = "";
			projectRoot = "";
			targets = (
				3B3BC5902A54301B007174A1 /* WebView-Ios */,
			);
		};
/* End PBXProject section */

/* Begin PBXResourcesBuildPhase section */
		3B3BC58F2A54301B007174A1 /* Resources */ = {
			isa = PBXResourcesBuildPhase;
			buildActionMask = 2147483647;
			files = (
				3B3BC59C2A54301E007174A1 /* Preview Assets.xcassets in Resources */,
				3B3BC5992A54301E007174A1 /* Assets.xcassets in Resources */,
			);
			runOnlyForDeploymentPostprocessing = 0;
		};
/* End PBXResourcesBuildPhase section */

/* Begin PBXSourcesBuildPhase section */
		3B3BC58D2A54301B007174A1 /* Sources */ = {
			isa = PBXSourcesBuildPhase;
			buildActionMask = 2147483647;
			files = (
				3B3BC5972A54301B007174A1 /* ContentView.swift in Sources */,
				3B5885B22A5BED160093B459 /* ThirdView.swift in Sources */,
				3B5885B42A5BFCEE0093B459 /* LoginScreenView.swift in Sources */,
				3B5885AA2A5BECA10093B459 /* TabViewTabItem.swift in Sources */,
				3B0261A62A5823D30060C926 /* BooksView.swift in Sources */,
				3B0261A42A5823C50060C926 /* MoviesView.swift in Sources */,
				3B0261992A5819250060C926 /* BottomNavigationView.swift in Sources */,
				3B3BC5952A54301B007174A1 /* WebView_IosApp.swift in Sources */,
				3B5885B02A5BED020093B459 /* SecondView.swift in Sources */,
				3B0261952A58137A0060C926 /* SplashView.swift in Sources */,
				3B0261A02A58239C0060C926 /* MusicView.swift in Sources */,
				3B02619B2A5822830060C926 /* TabsView.swift in Sources */,
				3B5885AE2A5BECF50093B459 /* FirstView.swift in Sources */,
				3B02619D2A5822FB0060C926 /* Tabs.swift in Sources */,
			);
			runOnlyForDeploymentPostprocessing = 0;
		};
/* End PBXSourcesBuildPhase section */

/* Begin XCBuildConfiguration section */
		3B3BC59D2A54301E007174A1 /* Debug */ = {
			isa = XCBuildConfiguration;
			buildSettings = {
				ALWAYS_SEARCH_USER_PATHS = NO;
				CLANG_ANALYZER_NONNULL = YES;
				CLANG_ANALYZER_NUMBER_OBJECT_CONVERSION = YES_AGGRESSIVE;
				CLANG_CXX_LANGUAGE_STANDARD = "gnu++20";
				CLANG_ENABLE_MODULES = YES;
				CLANG_ENABLE_OBJC_ARC = YES;
				CLANG_ENABLE_OBJC_WEAK = YES;
				CLANG_WARN_BLOCK_CAPTURE_AUTORELEASING = YES;
				CLANG_WARN_BOOL_CONVERSION = YES;
				CLANG_WARN_COMMA = YES;
				CLANG_WARN_CONSTANT_CONVERSION = YES;
				CLANG_WARN_DEPRECATED_OBJC_IMPLEMENTATIONS = YES;
				CLANG_WARN_DIRECT_OBJC_ISA_USAGE = YES_ERROR;
				CLANG_WARN_DOCUMENTATION_COMMENTS = YES;
				CLANG_WARN_EMPTY_BODY = YES;
				CLANG_WARN_ENUM_CONVERSION = YES;
				CLANG_WARN_INFINITE_RECURSION = YES;
				CLANG_WARN_INT_CONVERSION = YES;
				CLANG_WARN_NON_LITERAL_NULL_CONVERSION = YES;
				CLANG_WARN_OBJC_IMPLICIT_RETAIN_SELF = YES;
				CLANG_WARN_OBJC_LITERAL_CONVERSION = YES;
				CLANG_WARN_OBJC_ROOT_CLASS = YES_ERROR;
				CLANG_WARN_QUOTED_INCLUDE_IN_FRAMEWORK_HEADER = YES;
				CLANG_WARN_RANGE_LOOP_ANALYSIS = YES;
				CLANG_WARN_STRICT_PROTOTYPES = YES;
				CLANG_WARN_SUSPICIOUS_MOVE = YES;
				CLANG_WARN_UNGUARDED_AVAILABILITY = YES_AGGRESSIVE;
				CLANG_WARN_UNREACHABLE_CODE = YES;
				CLANG_WARN__DUPLICATE_METHOD_MATCH = YES;
				COPY_PHASE_STRIP = NO;
				DEBUG_INFORMATION_FORMAT = dwarf;
				ENABLE_STRICT_OBJC_MSGSEND = YES;
				ENABLE_TESTABILITY = YES;
				GCC_C_LANGUAGE_STANDARD = gnu11;
				GCC_DYNAMIC_NO_PIC = NO;
				GCC_NO_COMMON_BLOCKS = YES;
				GCC_OPTIMIZATION_LEVEL = 0;
				GCC_PREPROCESSOR_DEFINITIONS = (
					"DEBUG=1",
					"$(inherited)",
				);
				GCC_WARN_64_TO_32_BIT_CONVERSION = YES;
				GCC_WARN_ABOUT_RETURN_TYPE = YES_ERROR;
				GCC_WARN_UNDECLARED_SELECTOR = YES;
				GCC_WARN_UNINITIALIZED_AUTOS = YES_AGGRESSIVE;
				GCC_WARN_UNUSED_FUNCTION = YES;
				GCC_WARN_UNUSED_VARIABLE = YES;
				IPHONEOS_DEPLOYMENT_TARGET = 16.4;
				MTL_ENABLE_DEBUG_INFO = INCLUDE_SOURCE;
				MTL_FAST_MATH = YES;
				ONLY_ACTIVE_ARCH = YES;
				SDKROOT = iphoneos;
				SWIFT_ACTIVE_COMPILATION_CONDITIONS = DEBUG;
				SWIFT_OPTIMIZATION_LEVEL = "-Onone";
			};
			name = Debug;
		};
		3B3BC59E2A54301E007174A1 /* Release */ = {
			isa = XCBuildConfiguration;
			buildSettings = {
				ALWAYS_SEARCH_USER_PATHS = NO;
				CLANG_ANALYZER_NONNULL = YES;
				CLANG_ANALYZER_NUMBER_OBJECT_CONVERSION = YES_AGGRESSIVE;
				CLANG_CXX_LANGUAGE_STANDARD = "gnu++20";
				CLANG_ENABLE_MODULES = YES;
				CLANG_ENABLE_OBJC_ARC = YES;
				CLANG_ENABLE_OBJC_WEAK = YES;
				CLANG_WARN_BLOCK_CAPTURE_AUTORELEASING = YES;
				CLANG_WARN_BOOL_CONVERSION = YES;
				CLANG_WARN_COMMA = YES;
				CLANG_WARN_CONSTANT_CONVERSION = YES;
				CLANG_WARN_DEPRECATED_OBJC_IMPLEMENTATIONS = YES;
				CLANG_WARN_DIRECT_OBJC_ISA_USAGE = YES_ERROR;
				CLANG_WARN_DOCUMENTATION_COMMENTS = YES;
				CLANG_WARN_EMPTY_BODY = YES;
				CLANG_WARN_ENUM_CONVERSION = YES;
				CLANG_WARN_INFINITE_RECURSION = YES;
				CLANG_WARN_INT_CONVERSION = YES;
				CLANG_WARN_NON_LITERAL_NULL_CONVERSION = YES;
				CLANG_WARN_OBJC_IMPLICIT_RETAIN_SELF = YES;
				CLANG_WARN_OBJC_LITERAL_CONVERSION = YES;
				CLANG_WARN_OBJC_ROOT_CLASS = YES_ERROR;
				CLANG_WARN_QUOTED_INCLUDE_IN_FRAMEWORK_HEADER = YES;
				CLANG_WARN_RANGE_LOOP_ANALYSIS = YES;
				CLANG_WARN_STRICT_PROTOTYPES = YES;
				CLANG_WARN_SUSPICIOUS_MOVE = YES;
				CLANG_WARN_UNGUARDED_AVAILABILITY = YES_AGGRESSIVE;
				CLANG_WARN_UNREACHABLE_CODE = YES;
				CLANG_WARN__DUPLICATE_METHOD_MATCH = YES;
				COPY_PHASE_STRIP = NO;
				DEBUG_INFORMATION_FORMAT = "dwarf-with-dsym";
				ENABLE_NS_ASSERTIONS = NO;
				ENABLE_STRICT_OBJC_MSGSEND = YES;
				GCC_C_LANGUAGE_STANDARD = gnu11;
				GCC_NO_COMMON_BLOCKS = YES;
				GCC_WARN_64_TO_32_BIT_CONVERSION = YES;
				GCC_WARN_ABOUT_RETURN_TYPE = YES_ERROR;
				GCC_WARN_UNDECLARED_SELECTOR = YES;
				GCC_WARN_UNINITIALIZED_AUTOS = YES_AGGRESSIVE;
				GCC_WARN_UNUSED_FUNCTION = YES;
				GCC_WARN_UNUSED_VARIABLE = YES;
				IPHONEOS_DEPLOYMENT_TARGET = 16.4;
				MTL_ENABLE_DEBUG_INFO = NO;
				MTL_FAST_MATH = YES;
				SDKROOT = iphoneos;
				SWIFT_COMPILATION_MODE = wholemodule;
				SWIFT_OPTIMIZATION_LEVEL = "-O";
				VALIDATE_PRODUCT = YES;
			};
			name = Release;
		};
		3B3BC5A02A54301E007174A1 /* Debug */ = {
			isa = XCBuildConfiguration;
			buildSettings = {
				ASSETCATALOG_COMPILER_APPICON_NAME = AppIcon;
				ASSETCATALOG_COMPILER_GLOBAL_ACCENT_COLOR_NAME = AccentColor;
				CODE_SIGN_STYLE = Automatic;
				CURRENT_PROJECT_VERSION = 1;
				DEVELOPMENT_ASSET_PATHS = "\"WebView-Ios/Preview Content\"";
				DEVELOPMENT_TEAM = L5732BW8N5;
				ENABLE_PREVIEWS = YES;
				GENERATE_INFOPLIST_FILE = YES;
				INFOPLIST_KEY_UIApplicationSceneManifest_Generation = YES;
				INFOPLIST_KEY_UIApplicationSupportsIndirectInputEvents = YES;
				INFOPLIST_KEY_UILaunchScreen_Generation = YES;
				INFOPLIST_KEY_UISupportedInterfaceOrientations_iPad = "UIInterfaceOrientationPortrait UIInterfaceOrientationPortraitUpsideDown UIInterfaceOrientationLandscapeLeft UIInterfaceOrientationLandscapeRight";
				INFOPLIST_KEY_UISupportedInterfaceOrientations_iPhone = "UIInterfaceOrientationPortrait UIInterfaceOrientationLandscapeLeft UIInterfaceOrientationLandscapeRight";
				LD_RUNPATH_SEARCH_PATHS = (
					"$(inherited)",
					"@executable_path/Frameworks",
				);
				MARKETING_VERSION = 1.0;
				PRODUCT_BUNDLE_IDENTIFIER = "com.codingwithze.WebView-Ios";
				PRODUCT_NAME = "$(TARGET_NAME)";
				SWIFT_EMIT_LOC_STRINGS = YES;
				SWIFT_VERSION = 5.0;
				TARGETED_DEVICE_FAMILY = "1,2";
			};
			name = Debug;
		};
		3B3BC5A12A54301E007174A1 /* Release */ = {
			isa = XCBuildConfiguration;
			buildSettings = {
				ASSETCATALOG_COMPILER_APPICON_NAME = AppIcon;
				ASSETCATALOG_COMPILER_GLOBAL_ACCENT_COLOR_NAME = AccentColor;
				CODE_SIGN_STYLE = Automatic;
				CURRENT_PROJECT_VERSION = 1;
				DEVELOPMENT_ASSET_PATHS = "\"WebView-Ios/Preview Content\"";
				DEVELOPMENT_TEAM = L5732BW8N5;
				ENABLE_PREVIEWS = YES;
				GENERATE_INFOPLIST_FILE = YES;
				INFOPLIST_KEY_UIApplicationSceneManifest_Generation = YES;
				INFOPLIST_KEY_UIApplicationSupportsIndirectInputEvents = YES;
				INFOPLIST_KEY_UILaunchScreen_Generation = YES;
				INFOPLIST_KEY_UISupportedInterfaceOrientations_iPad = "UIInterfaceOrientationPortrait UIInterfaceOrientationPortraitUpsideDown UIInterfaceOrientationLandscapeLeft UIInterfaceOrientationLandscapeRight";
				INFOPLIST_KEY_UISupportedInterfaceOrientations_iPhone = "UIInterfaceOrientationPortrait UIInterfaceOrientationLandscapeLeft UIInterfaceOrientationLandscapeRight";
				LD_RUNPATH_SEARCH_PATHS = (
					"$(inherited)",
					"@executable_path/Frameworks",
				);
				MARKETING_VERSION = 1.0;
				PRODUCT_BUNDLE_IDENTIFIER = "com.codingwithze.WebView-Ios";
				PRODUCT_NAME = "$(TARGET_NAME)";
				SWIFT_EMIT_LOC_STRINGS = YES;
				SWIFT_VERSION = 5.0;
				TARGETED_DEVICE_FAMILY = "1,2";
			};
			name = Release;
		};
/* End XCBuildConfiguration section */

/* Begin XCConfigurationList section */
		3B3BC58C2A54301B007174A1 /* Build configuration list for PBXProject "WebView-Ios" */ = {
			isa = XCConfigurationList;
			buildConfigurations = (
				3B3BC59D2A54301E007174A1 /* Debug */,
				3B3BC59E2A54301E007174A1 /* Release */,
			);
			defaultConfigurationIsVisible = 0;
			defaultConfigurationName = Release;
		};
		3B3BC59F2A54301E007174A1 /* Build configuration list for PBXNativeTarget "WebView-Ios" */ = {
			isa = XCConfigurationList;
			buildConfigurations = (
				3B3BC5A02A54301E007174A1 /* Debug */,
				3B3BC5A12A54301E007174A1 /* Release */,
			);
			defaultConfigurationIsVisible = 0;
			defaultConfigurationName = Release;
		};
/* End XCConfigurationList section */
	};
	rootObject = 3B3BC5892A54301B007174A1 /* Project object */;
}
